
Microsoft Visual Studio Solution File, Format Version 12.00
# Visual Studio Version 17
VisualStudioVersion = 17.5.33627.172
MinimumVisualStudioVersion = 10.0.40219.1
Project("{FAE04EC0-301F-11D3-BF4B-00C04F79EFBC}") = "SaberTest", "SaberTest.csproj", "{9096970C-D920-4E80-B666-9003EA8004F9}"
EndProject
Global
	GlobalSection(SolutionConfigurationPlatforms) = preSolution
		Debug|Any CPU = Debug|Any CPU
		Release|Any CPU = Release|Any CPU
	EndGlobalSection
	GlobalSection(ProjectConfigurationPlatforms) = postSolution
		{9096970C-D920-4E80-B666-9003EA8004F9}.Debug|Any CPU.ActiveCfg = Debug|Any CPU
		{9096970C-D920-4E80-B666-9003EA8004F9}.Debug|Any CPU.Build.0 = Debug|Any CPU
		{9096970C-D920-4E80-B666-9003EA8004F9}.Release|Any CPU.ActiveCfg = Release|Any CPU
		{9096970C-D920-4E80-B666-9003EA8004F9}.Release|Any CPU.Build.0 = Release|Any CPU
	EndGlobalSection
	GlobalSection(SolutionProperties) = preSolution
		HideSolutionNode = FALSE
	EndGlobalSection
	GlobalSection(ExtensibilityGlobals) = postSolution
		SolutionGuid = {B023F395-28E1-4990-A865-A06687FA857C}
	EndGlobalSection
EndGlobal
